{
  "version": 4,
  "terraform_version": "1.9.3",
  "serial": 28,
  "lineage": "30c455a6-418c-f4b5-f760-ff530df24a75",
  "outputs": {
    "app_url": {
      "value": "aca-app-demo--at1nmtx.ambitiousplant-9c07854f.westeurope.azurecontainerapps.io",
      "type": "string"
    },
    "appgw_ip": {
      "value": "20.61.61.173",
      "type": "string"
    },
    "custom_domain_name": {
      "value": "azureapp011.com",
      "type": "string"
    }
  },
  "resources": [
    {
      "mode": "data",
      "type": "azurerm_client_config",
      "name": "current",
      "provider": "provider[\"registry.terraform.io/hashicorp/azurerm\"]",
      "instances": [
        {
          "schema_version": 0,
          "attributes": {
            "client_id": "62874cdb-b938-4a7f-8dca-a1d5738bcd09",
            "id": "Y2xpZW50Q29uZmlncy9jbGllbnRJZD02Mjg3NGNkYi1iOTM4LTRhN2YtOGRjYS1hMWQ1NzM4YmNkMDk7b2JqZWN0SWQ9NWYwNmIyNTAtY2QzZi00YzgwLWE5MWMtMDE0YmVkZWMyYjkwO3N1YnNjcmlwdGlvbklkPTdiOTY5ZGQ0LWFlM2YtNDhhMS1iYzkxLWU3ZmRkOGViNjY0NTt0ZW5hbnRJZD1hMTg5MWNhNy1mMWRhLTQ1YzItYmI5OC1jY2U3NzNkNmM1MDY=",
            "object_id": "5f06b250-cd3f-4c80-a91c-014bedec2b90",
            "subscription_id": "7b969dd4-ae3f-48a1-bc91-e7fdd8eb6645",
            "tenant_id": "a1891ca7-f1da-45c2-bb98-cce773d6c506",
            "timeouts": null
          },
          "sensitive_attributes": []
        }
      ]
    },
    {
      "mode": "managed",
      "type": "azurerm_application_gateway",
      "name": "appgateway",
      "provider": "provider[\"registry.terraform.io/hashicorp/azurerm\"]",
      "instances": [
        {
          "schema_version": 0,
          "attributes": {
            "authentication_certificate": [],
            "autoscale_configuration": [],
            "backend_address_pool": [
              {
                "fqdns": [
                  "aca-app-demo--at1nmtx.ambitiousplant-9c07854f.westeurope.azurecontainerapps.io"
                ],
                "id": "/subscriptions/7b969dd4-ae3f-48a1-bc91-e7fdd8eb6645/resourceGroups/rg-containerapps-internal-appgw/providers/Microsoft.Network/applicationGateways/appgateway/backendAddressPools/backend-address-pool",
                "ip_addresses": [],
                "name": "backend-address-pool"
              }
            ],
            "backend_http_settings": [
              {
                "affinity_cookie_name": "ApplicationGatewayAffinity",
                "authentication_certificate": [],
                "connection_draining": [],
                "cookie_based_affinity": "Disabled",
                "host_name": "",
                "id": "/subscriptions/7b969dd4-ae3f-48a1-bc91-e7fdd8eb6645/resourceGroups/rg-containerapps-internal-appgw/providers/Microsoft.Network/applicationGateways/appgateway/backendHttpSettingsCollection/backend-http-settings-https",
                "name": "backend-http-settings-https",
                "path": "",
                "pick_host_name_from_backend_address": true,
                "port": 443,
                "probe_id": "/subscriptions/7b969dd4-ae3f-48a1-bc91-e7fdd8eb6645/resourceGroups/rg-containerapps-internal-appgw/providers/Microsoft.Network/applicationGateways/appgateway/probes/http-health-probe",
                "probe_name": "http-health-probe",
                "protocol": "Https",
                "request_timeout": 20,
                "trusted_root_certificate_names": []
              }
            ],
            "custom_error_configuration": [],
            "enable_http2": false,
            "fips_enabled": false,
            "firewall_policy_id": "",
            "force_firewall_policy_association": false,
            "frontend_ip_configuration": [
              {
                "id": "/subscriptions/7b969dd4-ae3f-48a1-bc91-e7fdd8eb6645/resourceGroups/rg-containerapps-internal-appgw/providers/Microsoft.Network/applicationGateways/appgateway/frontendIPConfigurations/frontend-ip-configuration",
                "name": "frontend-ip-configuration",
                "private_ip_address": "",
                "private_ip_address_allocation": "Dynamic",
                "private_link_configuration_id": "",
                "private_link_configuration_name": "",
                "public_ip_address_id": "/subscriptions/7b969dd4-ae3f-48a1-bc91-e7fdd8eb6645/resourceGroups/rg-containerapps-internal-appgw/providers/Microsoft.Network/publicIPAddresses/pip-appgateway",
                "subnet_id": ""
              }
            ],
            "frontend_port": [
              {
                "id": "/subscriptions/7b969dd4-ae3f-48a1-bc91-e7fdd8eb6645/resourceGroups/rg-containerapps-internal-appgw/providers/Microsoft.Network/applicationGateways/appgateway/frontendPorts/frontend-port-http",
                "name": "frontend-port-http",
                "port": 80
              },
              {
                "id": "/subscriptions/7b969dd4-ae3f-48a1-bc91-e7fdd8eb6645/resourceGroups/rg-containerapps-internal-appgw/providers/Microsoft.Network/applicationGateways/appgateway/frontendPorts/frontend-port-https",
                "name": "frontend-port-https",
                "port": 443
              }
            ],
            "gateway_ip_configuration": [
              {
                "id": "/subscriptions/7b969dd4-ae3f-48a1-bc91-e7fdd8eb6645/resourceGroups/rg-containerapps-internal-appgw/providers/Microsoft.Network/applicationGateways/appgateway/gatewayIPConfigurations/appgateway-ip-configuration",
                "name": "appgateway-ip-configuration",
                "subnet_id": "/subscriptions/7b969dd4-ae3f-48a1-bc91-e7fdd8eb6645/resourceGroups/rg-containerapps-internal-appgw/providers/Microsoft.Network/virtualNetworks/vnet-internal/subnets/subnet-appgw"
              }
            ],
            "global": [],
            "http_listener": [
              {
                "custom_error_configuration": [],
                "firewall_policy_id": "",
                "frontend_ip_configuration_id": "/subscriptions/7b969dd4-ae3f-48a1-bc91-e7fdd8eb6645/resourceGroups/rg-containerapps-internal-appgw/providers/Microsoft.Network/applicationGateways/appgateway/frontendIPConfigurations/frontend-ip-configuration",
                "frontend_ip_configuration_name": "frontend-ip-configuration",
                "frontend_port_id": "/subscriptions/7b969dd4-ae3f-48a1-bc91-e7fdd8eb6645/resourceGroups/rg-containerapps-internal-appgw/providers/Microsoft.Network/applicationGateways/appgateway/frontendPorts/frontend-port-http",
                "frontend_port_name": "frontend-port-http",
                "host_name": "",
                "host_names": [],
                "id": "/subscriptions/7b969dd4-ae3f-48a1-bc91-e7fdd8eb6645/resourceGroups/rg-containerapps-internal-appgw/providers/Microsoft.Network/applicationGateways/appgateway/httpListeners/listener-http",
                "name": "listener-http",
                "protocol": "Http",
                "require_sni": false,
                "ssl_certificate_id": "",
                "ssl_certificate_name": "",
                "ssl_profile_id": "",
                "ssl_profile_name": ""
              },
              {
                "custom_error_configuration": [],
                "firewall_policy_id": "",
                "frontend_ip_configuration_id": "/subscriptions/7b969dd4-ae3f-48a1-bc91-e7fdd8eb6645/resourceGroups/rg-containerapps-internal-appgw/providers/Microsoft.Network/applicationGateways/appgateway/frontendIPConfigurations/frontend-ip-configuration",
                "frontend_ip_configuration_name": "frontend-ip-configuration",
                "frontend_port_id": "/subscriptions/7b969dd4-ae3f-48a1-bc91-e7fdd8eb6645/resourceGroups/rg-containerapps-internal-appgw/providers/Microsoft.Network/applicationGateways/appgateway/frontendPorts/frontend-port-https",
                "frontend_port_name": "frontend-port-https",
                "host_name": "",
                "host_names": [],
                "id": "/subscriptions/7b969dd4-ae3f-48a1-bc91-e7fdd8eb6645/resourceGroups/rg-containerapps-internal-appgw/providers/Microsoft.Network/applicationGateways/appgateway/httpListeners/listener-https",
                "name": "listener-https",
                "protocol": "Https",
                "require_sni": false,
                "ssl_certificate_id": "/subscriptions/7b969dd4-ae3f-48a1-bc91-e7fdd8eb6645/resourceGroups/rg-containerapps-internal-appgw/providers/Microsoft.Network/applicationGateways/appgateway/sslCertificates/azureapp011.com",
                "ssl_certificate_name": "azureapp011.com",
                "ssl_profile_id": "",
                "ssl_profile_name": ""
              }
            ],
            "id": "/subscriptions/7b969dd4-ae3f-48a1-bc91-e7fdd8eb6645/resourceGroups/rg-containerapps-internal-appgw/providers/Microsoft.Network/applicationGateways/appgateway",
            "identity": [
              {
                "identity_ids": [
                  "/subscriptions/7b969dd4-ae3f-48a1-bc91-e7fdd8eb6645/resourceGroups/rg-containerapps-internal-appgw/providers/Microsoft.ManagedIdentity/userAssignedIdentities/identity-appgw"
                ],
                "principal_id": "",
                "tenant_id": "",
                "type": "UserAssigned"
              }
            ],
            "location": "westeurope",
            "name": "appgateway",
            "private_endpoint_connection": [],
            "private_link_configuration": [],
            "probe": [
              {
                "host": "",
                "id": "/subscriptions/7b969dd4-ae3f-48a1-bc91-e7fdd8eb6645/resourceGroups/rg-containerapps-internal-appgw/providers/Microsoft.Network/applicationGateways/appgateway/probes/http-health-probe",
                "interval": 30,
                "match": [
                  {
                    "body": "",
                    "status_code": [
                      "200-399"
                    ]
                  }
                ],
                "minimum_servers": 0,
                "name": "http-health-probe",
                "path": "/",
                "pick_host_name_from_backend_http_settings": true,
                "port": 0,
                "protocol": "Https",
                "timeout": 30,
                "unhealthy_threshold": 3
              }
            ],
            "redirect_configuration": [
              {
                "id": "/subscriptions/7b969dd4-ae3f-48a1-bc91-e7fdd8eb6645/resourceGroups/rg-containerapps-internal-appgw/providers/Microsoft.Network/applicationGateways/appgateway/redirectConfigurations/redirect-configuration",
                "include_path": true,
                "include_query_string": true,
                "name": "redirect-configuration",
                "redirect_type": "Permanent",
                "target_listener_id": "/subscriptions/7b969dd4-ae3f-48a1-bc91-e7fdd8eb6645/resourceGroups/rg-containerapps-internal-appgw/providers/Microsoft.Network/applicationGateways/appgateway/httpListeners/listener-https",
                "target_listener_name": "listener-https",
                "target_url": ""
              }
            ],
            "request_routing_rule": [
              {
                "backend_address_pool_id": "",
                "backend_address_pool_name": "",
                "backend_http_settings_id": "",
                "backend_http_settings_name": "",
                "http_listener_id": "/subscriptions/7b969dd4-ae3f-48a1-bc91-e7fdd8eb6645/resourceGroups/rg-containerapps-internal-appgw/providers/Microsoft.Network/applicationGateways/appgateway/httpListeners/listener-http",
                "http_listener_name": "listener-http",
                "id": "/subscriptions/7b969dd4-ae3f-48a1-bc91-e7fdd8eb6645/resourceGroups/rg-containerapps-internal-appgw/providers/Microsoft.Network/applicationGateways/appgateway/requestRoutingRules/request-routing-rule-http",
                "name": "request-routing-rule-http",
                "priority": 1,
                "redirect_configuration_id": "/subscriptions/7b969dd4-ae3f-48a1-bc91-e7fdd8eb6645/resourceGroups/rg-containerapps-internal-appgw/providers/Microsoft.Network/applicationGateways/appgateway/redirectConfigurations/redirect-configuration",
                "redirect_configuration_name": "redirect-configuration",
                "rewrite_rule_set_id": "",
                "rewrite_rule_set_name": "",
                "rule_type": "Basic",
                "url_path_map_id": "",
                "url_path_map_name": ""
              },
              {
                "backend_address_pool_id": "/subscriptions/7b969dd4-ae3f-48a1-bc91-e7fdd8eb6645/resourceGroups/rg-containerapps-internal-appgw/providers/Microsoft.Network/applicationGateways/appgateway/backendAddressPools/backend-address-pool",
                "backend_address_pool_name": "backend-address-pool",
                "backend_http_settings_id": "/subscriptions/7b969dd4-ae3f-48a1-bc91-e7fdd8eb6645/resourceGroups/rg-containerapps-internal-appgw/providers/Microsoft.Network/applicationGateways/appgateway/backendHttpSettingsCollection/backend-http-settings-https",
                "backend_http_settings_name": "backend-http-settings-https",
                "http_listener_id": "/subscriptions/7b969dd4-ae3f-48a1-bc91-e7fdd8eb6645/resourceGroups/rg-containerapps-internal-appgw/providers/Microsoft.Network/applicationGateways/appgateway/httpListeners/listener-https",
                "http_listener_name": "listener-https",
                "id": "/subscriptions/7b969dd4-ae3f-48a1-bc91-e7fdd8eb6645/resourceGroups/rg-containerapps-internal-appgw/providers/Microsoft.Network/applicationGateways/appgateway/requestRoutingRules/request-routing-rule-https",
                "name": "request-routing-rule-https",
                "priority": 2,
                "redirect_configuration_id": "",
                "redirect_configuration_name": "",
                "rewrite_rule_set_id": "",
                "rewrite_rule_set_name": "",
                "rule_type": "Basic",
                "url_path_map_id": "",
                "url_path_map_name": ""
              }
            ],
            "resource_group_name": "rg-containerapps-internal-appgw",
            "rewrite_rule_set": [],
            "sku": [
              {
                "capacity": 1,
                "name": "Standard_v2",
                "tier": "Standard_v2"
              }
            ],
            "ssl_certificate": [
              {
                "data": "",
                "id": "/subscriptions/7b969dd4-ae3f-48a1-bc91-e7fdd8eb6645/resourceGroups/rg-containerapps-internal-appgw/providers/Microsoft.Network/applicationGateways/appgateway/sslCertificates/azureapp011.com",
                "key_vault_secret_id": "https://kv-appgw-v4mt3.vault.azure.net/secrets/azureapp011-com/3b1ce4d3181742dcaf11441bc341bf99",
                "name": "azureapp011.com",
                "password": "",
                "public_cert_data": ""
              }
            ],
            "ssl_policy": [
              {
                "cipher_suites": [],
                "disabled_protocols": [],
                "min_protocol_version": "",
                "policy_name": "AppGwSslPolicy20150501",
                "policy_type": "Predefined"
              }
            ],
            "ssl_profile": [],
            "tags": null,
            "timeouts": null,
            "trusted_client_certificate": [],
            "trusted_root_certificate": [],
            "url_path_map": [],
            "waf_configuration": [],
            "zones": null
          },
          "sensitive_attributes": [
            [
              {
                "type": "get_attr",
                "value": "ssl_certificate"
              }
            ]
          ],
          "private": "eyJlMmJmYjczMC1lY2FhLTExZTYtOGY4OC0zNDM2M2JjN2M0YzAiOnsiY3JlYXRlIjo1NDAwMDAwMDAwMDAwLCJkZWxldGUiOjU0MDAwMDAwMDAwMDAsInJlYWQiOjMwMDAwMDAwMDAwMCwidXBkYXRlIjo1NDAwMDAwMDAwMDAwfX0=",
          "dependencies": [
            "azurerm_container_app.app",
            "azurerm_container_app_environment.env",
            "azurerm_key_vault.keyvault",
            "azurerm_key_vault_certificate.local_domain_certs",
            "azurerm_public_ip.pip-appgateway",
            "azurerm_resource_group.rg",
            "azurerm_role_assignment.role-certificates-officer",
            "azurerm_subnet.subnet-appgw",
            "azurerm_subnet.subnet-container-apps",
            "azurerm_user_assigned_identity.identity-appgw",
            "azurerm_virtual_network.vnet",
            "data.azurerm_client_config.current",
            "random_string.random"
          ]
        }
      ]
    },
    {
      "mode": "managed",
      "type": "azurerm_bastion_host",
      "name": "bastion",
      "provider": "provider[\"registry.terraform.io/hashicorp/azurerm\"]",
      "instances": [
        {
          "schema_version": 0,
          "attributes": {
            "copy_paste_enabled": true,
            "dns_name": "bst-ca12ca19-5e3a-422f-bb48-0b933a685963.bastion.azure.com",
            "file_copy_enabled": false,
            "id": "/subscriptions/7b969dd4-ae3f-48a1-bc91-e7fdd8eb6645/resourceGroups/rg-containerapps-internal-appgw/providers/Microsoft.Network/bastionHosts/bastion",
            "ip_configuration": [
              {
                "name": "configuration",
                "public_ip_address_id": "/subscriptions/7b969dd4-ae3f-48a1-bc91-e7fdd8eb6645/resourceGroups/rg-containerapps-internal-appgw/providers/Microsoft.Network/publicIPAddresses/pip-bastion",
                "subnet_id": "/subscriptions/7b969dd4-ae3f-48a1-bc91-e7fdd8eb6645/resourceGroups/rg-containerapps-internal-appgw/providers/Microsoft.Network/virtualNetworks/vnet-internal/subnets/AzureBastionSubnet"
              }
            ],
            "ip_connect_enabled": false,
            "kerberos_enabled": false,
            "location": "westeurope",
            "name": "bastion",
            "resource_group_name": "rg-containerapps-internal-appgw",
            "scale_units": 2,
            "shareable_link_enabled": false,
            "sku": "Basic",
            "tags": null,
            "timeouts": null,
            "tunneling_enabled": false,
            "virtual_network_id": ""
          },
          "sensitive_attributes": [],
          "private": "eyJlMmJmYjczMC1lY2FhLTExZTYtOGY4OC0zNDM2M2JjN2M0YzAiOnsiY3JlYXRlIjoxODAwMDAwMDAwMDAwLCJkZWxldGUiOjE4MDAwMDAwMDAwMDAsInJlYWQiOjMwMDAwMDAwMDAwMCwidXBkYXRlIjoxODAwMDAwMDAwMDAwfX0=",
          "dependencies": [
            "azurerm_public_ip.pip-bastion",
            "azurerm_resource_group.rg",
            "azurerm_subnet.subnet-bastion",
            "azurerm_virtual_network.vnet"
          ]
        }
      ]
    },
    {
      "mode": "managed",
      "type": "azurerm_container_app",
      "name": "app",
      "provider": "provider[\"registry.terraform.io/hashicorp/azurerm\"]",
      "instances": [
        {
          "schema_version": 0,
          "attributes": {
            "container_app_environment_id": "/subscriptions/7b969dd4-ae3f-48a1-bc91-e7fdd8eb6645/resourceGroups/rg-containerapps-internal-appgw/providers/Microsoft.App/managedEnvironments/aca-environment",
            "custom_domain_verification_id": "7DFE6418BBEDA4348156863573F41373D15344D17C4B0914141F50F4FB6EFD58",
            "dapr": [],
            "id": "/subscriptions/7b969dd4-ae3f-48a1-bc91-e7fdd8eb6645/resourceGroups/rg-containerapps-internal-appgw/providers/Microsoft.App/containerApps/aca-app-demo",
            "identity": [],
            "ingress": [
              {
                "allow_insecure_connections": false,
                "custom_domain": [],
                "exposed_port": 0,
                "external_enabled": true,
                "fqdn": "aca-app-demo.ambitiousplant-9c07854f.westeurope.azurecontainerapps.io",
                "ip_security_restriction": [],
                "target_port": 80,
                "traffic_weight": [
                  {
                    "label": "",
                    "latest_revision": true,
                    "percentage": 100,
                    "revision_suffix": ""
                  }
                ],
                "transport": "auto"
              }
            ],
            "latest_revision_fqdn": "aca-app-demo--at1nmtx.ambitiousplant-9c07854f.westeurope.azurecontainerapps.io",
            "latest_revision_name": "aca-app-demo--at1nmtx",
            "location": "westeurope",
            "name": "aca-app-demo",
            "outbound_ip_addresses": [],
            "registry": [],
            "resource_group_name": "rg-containerapps-internal-appgw",
            "revision_mode": "Single",
            "secret": [],
            "tags": null,
            "template": [
              {
                "azure_queue_scale_rule": [],
                "container": [
                  {
                    "args": null,
                    "command": null,
                    "cpu": 0.25,
                    "env": [],
                    "ephemeral_storage": "1Gi",
                    "image": "mcr.microsoft.com/azuredocs/containerapps-helloworld:latest",
                    "liveness_probe": [],
                    "memory": "0.5Gi",
                    "name": "helloworld-app",
                    "readiness_probe": [],
                    "startup_probe": [],
                    "volume_mounts": []
                  }
                ],
                "custom_scale_rule": [],
                "http_scale_rule": [],
                "init_container": [],
                "max_replicas": 3,
                "min_replicas": 1,
                "revision_suffix": "",
                "tcp_scale_rule": [],
                "volume": []
              }
            ],
            "timeouts": null,
            "workload_profile_name": "profile-D4"
          },
          "sensitive_attributes": [
            [
              {
                "type": "get_attr",
                "value": "custom_domain_verification_id"
              }
            ]
          ],
          "private": "eyJlMmJmYjczMC1lY2FhLTExZTYtOGY4OC0zNDM2M2JjN2M0YzAiOnsiY3JlYXRlIjoxODAwMDAwMDAwMDAwLCJkZWxldGUiOjE4MDAwMDAwMDAwMDAsInJlYWQiOjMwMDAwMDAwMDAwMCwidXBkYXRlIjoxODAwMDAwMDAwMDAwfX0=",
          "dependencies": [
            "azurerm_container_app_environment.env",
            "azurerm_resource_group.rg",
            "azurerm_subnet.subnet-container-apps",
            "azurerm_virtual_network.vnet"
          ]
        }
      ]
    },
    {
      "mode": "managed",
      "type": "azurerm_container_app_environment",
      "name": "env",
      "provider": "provider[\"registry.terraform.io/hashicorp/azurerm\"]",
      "instances": [
        {
          "schema_version": 0,
          "attributes": {
            "custom_domain_verification_id": "7DFE6418BBEDA4348156863573F41373D15344D17C4B0914141F50F4FB6EFD58",
            "dapr_application_insights_connection_string": "",
            "default_domain": "ambitiousplant-9c07854f.westeurope.azurecontainerapps.io",
            "docker_bridge_cidr": "",
            "id": "/subscriptions/7b969dd4-ae3f-48a1-bc91-e7fdd8eb6645/resourceGroups/rg-containerapps-internal-appgw/providers/Microsoft.App/managedEnvironments/aca-environment",
            "infrastructure_resource_group_name": "ME_aca-environment_rg-containerapps-internal-appgw_westeurope",
            "infrastructure_subnet_id": "/subscriptions/7b969dd4-ae3f-48a1-bc91-e7fdd8eb6645/resourceGroups/rg-containerapps-internal-appgw/providers/Microsoft.Network/virtualNetworks/vnet-internal/subnets/subnet-container-apps",
            "internal_load_balancer_enabled": true,
            "location": "westeurope",
            "log_analytics_workspace_id": "",
            "mutual_tls_enabled": false,
            "name": "aca-environment",
            "platform_reserved_cidr": "",
            "platform_reserved_dns_ip_address": "",
            "resource_group_name": "rg-containerapps-internal-appgw",
            "static_ip_address": "10.0.0.14",
            "tags": null,
            "timeouts": null,
            "workload_profile": [
              {
                "maximum_count": 3,
                "minimum_count": 1,
                "name": "profile-D4",
                "workload_profile_type": "D4"
              }
            ],
            "zone_redundancy_enabled": true
          },
          "sensitive_attributes": [
            [
              {
                "type": "get_attr",
                "value": "dapr_application_insights_connection_string"
              }
            ]
          ],
          "private": "eyJlMmJmYjczMC1lY2FhLTExZTYtOGY4OC0zNDM2M2JjN2M0YzAiOnsiY3JlYXRlIjoxODAwMDAwMDAwMDAwLCJkZWxldGUiOjE4MDAwMDAwMDAwMDAsInJlYWQiOjMwMDAwMDAwMDAwMCwidXBkYXRlIjoxODAwMDAwMDAwMDAwfX0=",
          "dependencies": [
            "azurerm_resource_group.rg",
            "azurerm_subnet.subnet-container-apps",
            "azurerm_virtual_network.vnet"
          ]
        }
      ]
    },
    {
      "mode": "managed",
      "type": "azurerm_dns_a_record",
      "name": "dns_a_record_appgw",
      "provider": "provider[\"registry.terraform.io/hashicorp/azurerm\"]",
      "instances": [
        {
          "schema_version": 1,
          "attributes": {
            "fqdn": "azureapp011.com.",
            "id": "/subscriptions/7b969dd4-ae3f-48a1-bc91-e7fdd8eb6645/resourceGroups/rg-containerapps-internal-appgw/providers/Microsoft.Network/dnsZones/azureapp011.com/A/@",
            "name": "@",
            "records": [
              "20.61.61.173"
            ],
            "resource_group_name": "rg-containerapps-internal-appgw",
            "tags": null,
            "target_resource_id": "",
            "timeouts": null,
            "ttl": 300,
            "zone_name": "azureapp011.com"
          },
          "sensitive_attributes": [],
          "private": "eyJlMmJmYjczMC1lY2FhLTExZTYtOGY4OC0zNDM2M2JjN2M0YzAiOnsiY3JlYXRlIjoxODAwMDAwMDAwMDAwLCJkZWxldGUiOjE4MDAwMDAwMDAwMDAsInJlYWQiOjMwMDAwMDAwMDAwMCwidXBkYXRlIjoxODAwMDAwMDAwMDAwfSwic2NoZW1hX3ZlcnNpb24iOiIxIn0=",
          "dependencies": [
            "azurerm_dns_zone.dns_zone",
            "azurerm_public_ip.pip-appgateway",
            "azurerm_resource_group.rg"
          ]
        }
      ]
    },
    {
      "mode": "managed",
      "type": "azurerm_dns_zone",
      "name": "dns_zone",
      "provider": "provider[\"registry.terraform.io/hashicorp/azurerm\"]",
      "instances": [
        {
          "schema_version": 2,
          "attributes": {
            "id": "/subscriptions/7b969dd4-ae3f-48a1-bc91-e7fdd8eb6645/resourceGroups/rg-containerapps-internal-appgw/providers/Microsoft.Network/dnsZones/azureapp011.com",
            "max_number_of_record_sets": 10000,
            "name": "azureapp011.com",
            "name_servers": [
              "ns1-06.azure-dns.com.",
              "ns2-06.azure-dns.net.",
              "ns3-06.azure-dns.org.",
              "ns4-06.azure-dns.info."
            ],
            "number_of_record_sets": 2,
            "resource_group_name": "rg-containerapps-internal-appgw",
            "soa_record": [
              {
                "email": "azuredns-hostmaster.microsoft.com",
                "expire_time": 2419200,
                "fqdn": "azureapp011.com.",
                "host_name": "ns1-06.azure-dns.com.",
                "minimum_ttl": 300,
                "refresh_time": 3600,
                "retry_time": 300,
                "serial_number": 1,
                "tags": {},
                "ttl": 3600
              }
            ],
            "tags": null,
            "timeouts": null
          },
          "sensitive_attributes": [],
          "private": "eyJlMmJmYjczMC1lY2FhLTExZTYtOGY4OC0zNDM2M2JjN2M0YzAiOnsiY3JlYXRlIjoxODAwMDAwMDAwMDAwLCJkZWxldGUiOjE4MDAwMDAwMDAwMDAsInJlYWQiOjMwMDAwMDAwMDAwMCwidXBkYXRlIjoxODAwMDAwMDAwMDAwfSwic2NoZW1hX3ZlcnNpb24iOiIyIn0=",
          "dependencies": [
            "azurerm_resource_group.rg"
          ]
        }
      ]
    },
    {
      "mode": "managed",
      "type": "azurerm_key_vault",
      "name": "keyvault",
      "provider": "provider[\"registry.terraform.io/hashicorp/azurerm\"]",
      "instances": [
        {
          "schema_version": 2,
          "attributes": {
            "access_policy": [],
            "contact": [],
            "enable_rbac_authorization": true,
            "enabled_for_deployment": false,
            "enabled_for_disk_encryption": false,
            "enabled_for_template_deployment": false,
            "id": "/subscriptions/7b969dd4-ae3f-48a1-bc91-e7fdd8eb6645/resourceGroups/rg-containerapps-internal-appgw/providers/Microsoft.KeyVault/vaults/kv-appgw-v4mt3",
            "location": "westeurope",
            "name": "kv-appgw-v4mt3",
            "network_acls": [
              {
                "bypass": "AzureServices",
                "default_action": "Allow",
                "ip_rules": [],
                "virtual_network_subnet_ids": []
              }
            ],
            "public_network_access_enabled": true,
            "purge_protection_enabled": false,
            "resource_group_name": "rg-containerapps-internal-appgw",
            "sku_name": "standard",
            "soft_delete_retention_days": 7,
            "tags": null,
            "tenant_id": "a1891ca7-f1da-45c2-bb98-cce773d6c506",
            "timeouts": null,
            "vault_uri": "https://kv-appgw-v4mt3.vault.azure.net/"
          },
          "sensitive_attributes": [],
          "private": "eyJlMmJmYjczMC1lY2FhLTExZTYtOGY4OC0zNDM2M2JjN2M0YzAiOnsiY3JlYXRlIjoxODAwMDAwMDAwMDAwLCJkZWxldGUiOjE4MDAwMDAwMDAwMDAsInJlYWQiOjMwMDAwMDAwMDAwMCwidXBkYXRlIjoxODAwMDAwMDAwMDAwfSwic2NoZW1hX3ZlcnNpb24iOiIyIn0=",
          "dependencies": [
            "azurerm_resource_group.rg",
            "data.azurerm_client_config.current",
            "random_string.random"
          ]
        }
      ]
    },
    {
      "mode": "managed",
      "type": "azurerm_key_vault_certificate",
      "name": "local_domain_certs",
      "provider": "provider[\"registry.terraform.io/hashicorp/azurerm\"]",
      "instances": [
        {
          "schema_version": 0,
          "attributes": {
            "certificate": [],
            "certificate_attribute": [
              {
                "created": "2024-08-16T11:57:58Z",
                "enabled": true,
                "expires": "2025-08-16T11:57:58Z",
                "not_before": "2024-08-16T11:47:58Z",
                "recovery_level": "CustomizedRecoverable+Purgeable",
                "updated": "2024-08-16T11:57:58Z"
              }
            ],
            "certificate_data": "3082034E30820236A0030201020210381724B36EE045E19D250D7BE384FA94300D06092A864886F70D01010B0500301A311830160603550403130F617A7572656170703031312E636F6D301E170D3234303831363131343735385A170D3235303831363131353735385A301A311830160603550403130F617A7572656170703031312E636F6D30820122300D06092A864886F70D01010105000382010F003082010A0282010100D4E8C5BAF8431A6F778EC6B3F95CE6B8400D5ABB07EE5444B315C7A60041DAA07FC8B3D7EE08AFEDA7E96F096F6BCAB2C6410025C87FA4933D9FD15B5ADD8FB22367F3A879B991D4CE78F33ED78E8A83AAFA6BC91641188E4C268E5FABACAE77270EF99C207AD3C53B8BAA9E757B136B52740FBE7048B1A5407D1798051B7054545C3090D156269EEEBEAB63459F198A549E2D719FD3B535366C6EE6688D3F10B672F0BFBE182E0D86F9366DD638A555ED89EABABFAF9BE9FB55D90BE995B1E3B0018E6E1C5FC5F922D7C60CE77C43442CE9C7BE3BD7D268C68C564B1CB73B0F5FE7C0405BA776C876030DA3A1D5758070231A55A822FDCCADFB642592B1447D0203010001A3818F30818C300E0603551D0F0101FF0404030205A030090603551D130402300030130603551D25040C300A06082B06010505070301301A0603551D1104133011820F617A7572656170703031312E636F6D301F0603551D2304183016801424C1F3AFBEC48C52AC43348E6C8A2F84870BA90F301D0603551D0E0416041424C1F3AFBEC48C52AC43348E6C8A2F84870BA90F300D06092A864886F70D01010B050003820101004981C616FDDA488AFF0A51A63095213D5AEF8A4267589FD7303CB4D14E81498B3877200AA5D50C92C549419C8593C2E4E57DC7323453C0CA19004EBD91AF9A5B9FE9A3200714EC517FF5275904B39610EC97A0666F2974814760D83620900FDC50BE1DA68868251BDB6031B4A4FA4C2BABD287C82C915151F3CF7894F167B033F05614B360AA3B4B8AAF6585D6DF4EC3A38E108D041EC51607ADF862688134D2A0BD22DBE86A2A55E350F692A52A2446F3E953F0AC19717E66BD624FF545E988034416272583134DC23823534076412F3ABB6B9481D65ED46B96614B945F87D67452526A1848F39A378D1D115619B9CF9C77A59E08465AD7D6AE2BF838875C81",
            "certificate_data_base64": "MIIDTjCCAjagAwIBAgIQOBcks27gReGdJQ1744T6lDANBgkqhkiG9w0BAQsFADAaMRgwFgYDVQQDEw9henVyZWFwcDAxMS5jb20wHhcNMjQwODE2MTE0NzU4WhcNMjUwODE2MTE1NzU4WjAaMRgwFgYDVQQDEw9henVyZWFwcDAxMS5jb20wggEiMA0GCSqGSIb3DQEBAQUAA4IBDwAwggEKAoIBAQDU6MW6+EMab3eOxrP5XOa4QA1auwfuVESzFcemAEHaoH/Is9fuCK/tp+lvCW9ryrLGQQAlyH+kkz2f0Vta3Y+yI2fzqHm5kdTOePM+146Kg6r6a8kWQRiOTCaOX6usrncnDvmcIHrTxTuLqp51exNrUnQPvnBIsaVAfReYBRtwVFRcMJDRViae7r6rY0WfGYpUni1xn9O1NTZsbuZojT8QtnLwv74YLg2G+TZt1jilVe2J6rq/r5vp+1XZC+mVseOwAY5uHF/F+SLXxgznfENELOnHvjvX0mjGjFZLHLc7D1/nwEBbp3bIdgMNo6HVdYBwIxpVqCL9zK37ZCWSsUR9AgMBAAGjgY8wgYwwDgYDVR0PAQH/BAQDAgWgMAkGA1UdEwQCMAAwEwYDVR0lBAwwCgYIKwYBBQUHAwEwGgYDVR0RBBMwEYIPYXp1cmVhcHAwMTEuY29tMB8GA1UdIwQYMBaAFCTB86++xIxSrEM0jmyKL4SHC6kPMB0GA1UdDgQWBBQkwfOvvsSMUqxDNI5sii+EhwupDzANBgkqhkiG9w0BAQsFAAOCAQEASYHGFv3aSIr/ClGmMJUhPVrvikJnWJ/XMDy00U6BSYs4dyAKpdUMksVJQZyFk8Lk5X3HMjRTwMoZAE69ka+aW5/poyAHFOxRf/UnWQSzlhDsl6Bmbyl0gUdg2DYgkA/cUL4dpohoJRvbYDG0pPpMK6vSh8gskVFR8894lPFnsDPwVhSzYKo7S4qvZYXW307Do44QjQQexRYHrfhiaIE00qC9ItvoaipV41D2kqUqJEbz6VPwrBlxfma9Yk/1RemIA0QWJyWDE03COCNTQHZBLzq7a5SB1l7Ua5ZhS5Rfh9Z0UlJqGEjzmjeNHRFWGbnPnHelnghGWtfWriv4OIdcgQ==",
            "certificate_policy": [
              {
                "issuer_parameters": [
                  {
                    "name": "Self"
                  }
                ],
                "key_properties": [
                  {
                    "curve": "",
                    "exportable": true,
                    "key_size": 2048,
                    "key_type": "RSA",
                    "reuse_key": true
                  }
                ],
                "lifetime_action": [
                  {
                    "action": [
                      {
                        "action_type": "AutoRenew"
                      }
                    ],
                    "trigger": [
                      {
                        "days_before_expiry": 30,
                        "lifetime_percentage": 0
                      }
                    ]
                  }
                ],
                "secret_properties": [
                  {
                    "content_type": "application/x-pkcs12"
                  }
                ],
                "x509_certificate_properties": [
                  {
                    "extended_key_usage": [
                      "1.3.6.1.5.5.7.3.1"
                    ],
                    "key_usage": [
                      "digitalSignature",
                      "keyEncipherment"
                    ],
                    "subject": "CN=azureapp011.com",
                    "subject_alternative_names": [
                      {
                        "dns_names": [
                          "azureapp011.com"
                        ],
                        "emails": null,
                        "upns": null
                      }
                    ],
                    "validity_in_months": 12
                  }
                ]
              }
            ],
            "id": "https://kv-appgw-v4mt3.vault.azure.net/certificates/azureapp011-com/3b1ce4d3181742dcaf11441bc341bf99",
            "key_vault_id": "/subscriptions/7b969dd4-ae3f-48a1-bc91-e7fdd8eb6645/resourceGroups/rg-containerapps-internal-appgw/providers/Microsoft.KeyVault/vaults/kv-appgw-v4mt3",
            "name": "azureapp011-com",
            "resource_manager_id": "/subscriptions/7b969dd4-ae3f-48a1-bc91-e7fdd8eb6645/resourceGroups/rg-containerapps-internal-appgw/providers/Microsoft.KeyVault/vaults/kv-appgw-v4mt3/certificates/azureapp011-com/versions/3b1ce4d3181742dcaf11441bc341bf99",
            "resource_manager_versionless_id": "/subscriptions/7b969dd4-ae3f-48a1-bc91-e7fdd8eb6645/resourceGroups/rg-containerapps-internal-appgw/providers/Microsoft.KeyVault/vaults/kv-appgw-v4mt3/certificates/azureapp011-com",
            "secret_id": "https://kv-appgw-v4mt3.vault.azure.net/secrets/azureapp011-com/3b1ce4d3181742dcaf11441bc341bf99",
            "tags": null,
            "thumbprint": "E2CED11504CE51BA199C2A0E6D92DAF6FA79D757",
            "timeouts": null,
            "version": "3b1ce4d3181742dcaf11441bc341bf99",
            "versionless_id": "https://kv-appgw-v4mt3.vault.azure.net/certificates/azureapp011-com",
            "versionless_secret_id": "https://kv-appgw-v4mt3.vault.azure.net/secrets/azureapp011-com"
          },
          "sensitive_attributes": [],
          "private": "eyJlMmJmYjczMC1lY2FhLTExZTYtOGY4OC0zNDM2M2JjN2M0YzAiOnsiY3JlYXRlIjozNjAwMDAwMDAwMDAwLCJkZWxldGUiOjE4MDAwMDAwMDAwMDAsInJlYWQiOjE4MDAwMDAwMDAwMDAsInVwZGF0ZSI6MTgwMDAwMDAwMDAwMH19",
          "dependencies": [
            "azurerm_key_vault.keyvault",
            "azurerm_resource_group.rg",
            "azurerm_role_assignment.role-certificates-officer",
            "data.azurerm_client_config.current",
            "random_string.random"
          ]
        }
      ]
    },
    {
      "mode": "managed",
      "type": "azurerm_network_interface",
      "name": "nic-vm-windows",
      "provider": "provider[\"registry.terraform.io/hashicorp/azurerm\"]",
      "instances": [
        {
          "schema_version": 0,
          "attributes": {
            "accelerated_networking_enabled": false,
            "applied_dns_servers": [],
            "auxiliary_mode": "",
            "auxiliary_sku": "",
            "dns_servers": [],
            "edge_zone": "",
            "enable_accelerated_networking": false,
            "enable_ip_forwarding": false,
            "id": "/subscriptions/7b969dd4-ae3f-48a1-bc91-e7fdd8eb6645/resourceGroups/rg-containerapps-internal-appgw/providers/Microsoft.Network/networkInterfaces/nic-vm-windows",
            "internal_dns_name_label": "",
            "internal_domain_name_suffix": "i3nmv5inkmtetpk5jzrdm35mwd.ax.internal.cloudapp.net",
            "ip_configuration": [
              {
                "gateway_load_balancer_frontend_ip_configuration_id": "",
                "name": "internal",
                "primary": true,
                "private_ip_address": "10.0.2.4",
                "private_ip_address_allocation": "Dynamic",
                "private_ip_address_version": "IPv4",
                "public_ip_address_id": "",
                "subnet_id": "/subscriptions/7b969dd4-ae3f-48a1-bc91-e7fdd8eb6645/resourceGroups/rg-containerapps-internal-appgw/providers/Microsoft.Network/virtualNetworks/vnet-internal/subnets/subnet-jumpbox"
              }
            ],
            "ip_forwarding_enabled": false,
            "location": "westeurope",
            "mac_address": "",
            "name": "nic-vm-windows",
            "private_ip_address": "10.0.2.4",
            "private_ip_addresses": [
              "10.0.2.4"
            ],
            "resource_group_name": "rg-containerapps-internal-appgw",
            "tags": null,
            "timeouts": null,
            "virtual_machine_id": ""
          },
          "sensitive_attributes": [],
          "private": "eyJlMmJmYjczMC1lY2FhLTExZTYtOGY4OC0zNDM2M2JjN2M0YzAiOnsiY3JlYXRlIjoxODAwMDAwMDAwMDAwLCJkZWxldGUiOjE4MDAwMDAwMDAwMDAsInJlYWQiOjMwMDAwMDAwMDAwMCwidXBkYXRlIjoxODAwMDAwMDAwMDAwfX0=",
          "dependencies": [
            "azurerm_resource_group.rg",
            "azurerm_subnet.subnet-jumpbox",
            "azurerm_virtual_network.vnet"
          ]
        }
      ]
    },
    {
      "mode": "managed",
      "type": "azurerm_private_dns_a_record",
      "name": "a-record",
      "provider": "provider[\"registry.terraform.io/hashicorp/azurerm\"]",
      "instances": [
        {
          "schema_version": 0,
          "attributes": {
            "fqdn": "ambitiousplant-9c07854f.westeurope.azurecontainerapps.io.",
            "id": "/subscriptions/7b969dd4-ae3f-48a1-bc91-e7fdd8eb6645/resourceGroups/rg-containerapps-internal-appgw/providers/Microsoft.Network/privateDnsZones/ambitiousplant-9c07854f.westeurope.azurecontainerapps.io/A/@",
            "name": "@",
            "records": [
              "10.0.0.14"
            ],
            "resource_group_name": "rg-containerapps-internal-appgw",
            "tags": null,
            "timeouts": null,
            "ttl": 300,
            "zone_name": "ambitiousplant-9c07854f.westeurope.azurecontainerapps.io"
          },
          "sensitive_attributes": [],
          "private": "eyJlMmJmYjczMC1lY2FhLTExZTYtOGY4OC0zNDM2M2JjN2M0YzAiOnsiY3JlYXRlIjoxODAwMDAwMDAwMDAwLCJkZWxldGUiOjE4MDAwMDAwMDAwMDAsInJlYWQiOjMwMDAwMDAwMDAwMCwidXBkYXRlIjoxODAwMDAwMDAwMDAwfX0=",
          "dependencies": [
            "azurerm_container_app_environment.env",
            "azurerm_private_dns_zone.private-dns-zone",
            "azurerm_resource_group.rg",
            "azurerm_subnet.subnet-container-apps",
            "azurerm_virtual_network.vnet"
          ]
        }
      ]
    },
    {
      "mode": "managed",
      "type": "azurerm_private_dns_a_record",
      "name": "a-record-wild-card",
      "provider": "provider[\"registry.terraform.io/hashicorp/azurerm\"]",
      "instances": [
        {
          "schema_version": 0,
          "attributes": {
            "fqdn": "*.ambitiousplant-9c07854f.westeurope.azurecontainerapps.io.",
            "id": "/subscriptions/7b969dd4-ae3f-48a1-bc91-e7fdd8eb6645/resourceGroups/rg-containerapps-internal-appgw/providers/Microsoft.Network/privateDnsZones/ambitiousplant-9c07854f.westeurope.azurecontainerapps.io/A/*",
            "name": "*",
            "records": [
              "10.0.0.14"
            ],
            "resource_group_name": "rg-containerapps-internal-appgw",
            "tags": null,
            "timeouts": null,
            "ttl": 300,
            "zone_name": "ambitiousplant-9c07854f.westeurope.azurecontainerapps.io"
          },
          "sensitive_attributes": [],
          "private": "eyJlMmJmYjczMC1lY2FhLTExZTYtOGY4OC0zNDM2M2JjN2M0YzAiOnsiY3JlYXRlIjoxODAwMDAwMDAwMDAwLCJkZWxldGUiOjE4MDAwMDAwMDAwMDAsInJlYWQiOjMwMDAwMDAwMDAwMCwidXBkYXRlIjoxODAwMDAwMDAwMDAwfX0=",
          "dependencies": [
            "azurerm_container_app_environment.env",
            "azurerm_private_dns_zone.private-dns-zone",
            "azurerm_resource_group.rg",
            "azurerm_subnet.subnet-container-apps",
            "azurerm_virtual_network.vnet"
          ]
        }
      ]
    },
    {
      "mode": "managed",
      "type": "azurerm_private_dns_zone",
      "name": "private-dns-zone",
      "provider": "provider[\"registry.terraform.io/hashicorp/azurerm\"]",
      "instances": [
        {
          "schema_version": 0,
          "attributes": {
            "id": "/subscriptions/7b969dd4-ae3f-48a1-bc91-e7fdd8eb6645/resourceGroups/rg-containerapps-internal-appgw/providers/Microsoft.Network/privateDnsZones/ambitiousplant-9c07854f.westeurope.azurecontainerapps.io",
            "max_number_of_record_sets": 25000,
            "max_number_of_virtual_network_links": 1000,
            "max_number_of_virtual_network_links_with_registration": 100,
            "name": "ambitiousplant-9c07854f.westeurope.azurecontainerapps.io",
            "number_of_record_sets": 1,
            "resource_group_name": "rg-containerapps-internal-appgw",
            "soa_record": [
              {
                "email": "azureprivatedns-host.microsoft.com",
                "expire_time": 2419200,
                "fqdn": "ambitiousplant-9c07854f.westeurope.azurecontainerapps.io.",
                "host_name": "azureprivatedns.net",
                "minimum_ttl": 10,
                "refresh_time": 3600,
                "retry_time": 300,
                "serial_number": 1,
                "tags": {},
                "ttl": 3600
              }
            ],
            "tags": null,
            "timeouts": null
          },
          "sensitive_attributes": [],
          "private": "eyJlMmJmYjczMC1lY2FhLTExZTYtOGY4OC0zNDM2M2JjN2M0YzAiOnsiY3JlYXRlIjoxODAwMDAwMDAwMDAwLCJkZWxldGUiOjE4MDAwMDAwMDAwMDAsInJlYWQiOjMwMDAwMDAwMDAwMCwidXBkYXRlIjoxODAwMDAwMDAwMDAwfX0=",
          "dependencies": [
            "azurerm_container_app_environment.env",
            "azurerm_resource_group.rg",
            "azurerm_subnet.subnet-container-apps",
            "azurerm_virtual_network.vnet"
          ]
        }
      ]
    },
    {
      "mode": "managed",
      "type": "azurerm_private_dns_zone_virtual_network_link",
      "name": "link-dns-vnet",
      "provider": "provider[\"registry.terraform.io/hashicorp/azurerm\"]",
      "instances": [
        {
          "schema_version": 0,
          "attributes": {
            "id": "/subscriptions/7b969dd4-ae3f-48a1-bc91-e7fdd8eb6645/resourceGroups/rg-containerapps-internal-appgw/providers/Microsoft.Network/privateDnsZones/ambitiousplant-9c07854f.westeurope.azurecontainerapps.io/virtualNetworkLinks/link-dns-vnet",
            "name": "link-dns-vnet",
            "private_dns_zone_name": "ambitiousplant-9c07854f.westeurope.azurecontainerapps.io",
            "registration_enabled": false,
            "resource_group_name": "rg-containerapps-internal-appgw",
            "tags": null,
            "timeouts": null,
            "virtual_network_id": "/subscriptions/7b969dd4-ae3f-48a1-bc91-e7fdd8eb6645/resourceGroups/rg-containerapps-internal-appgw/providers/Microsoft.Network/virtualNetworks/vnet-internal"
          },
          "sensitive_attributes": [],
          "private": "eyJlMmJmYjczMC1lY2FhLTExZTYtOGY4OC0zNDM2M2JjN2M0YzAiOnsiY3JlYXRlIjoxODAwMDAwMDAwMDAwLCJkZWxldGUiOjE4MDAwMDAwMDAwMDAsInJlYWQiOjMwMDAwMDAwMDAwMCwidXBkYXRlIjoxODAwMDAwMDAwMDAwfX0=",
          "dependencies": [
            "azurerm_container_app_environment.env",
            "azurerm_private_dns_zone.private-dns-zone",
            "azurerm_resource_group.rg",
            "azurerm_subnet.subnet-container-apps",
            "azurerm_virtual_network.vnet"
          ]
        }
      ]
    },
    {
      "mode": "managed",
      "type": "azurerm_public_ip",
      "name": "pip-appgateway",
      "provider": "provider[\"registry.terraform.io/hashicorp/azurerm\"]",
      "instances": [
        {
          "schema_version": 0,
          "attributes": {
            "allocation_method": "Static",
            "ddos_protection_mode": "VirtualNetworkInherited",
            "ddos_protection_plan_id": null,
            "domain_name_label": null,
            "edge_zone": "",
            "fqdn": null,
            "id": "/subscriptions/7b969dd4-ae3f-48a1-bc91-e7fdd8eb6645/resourceGroups/rg-containerapps-internal-appgw/providers/Microsoft.Network/publicIPAddresses/pip-appgateway",
            "idle_timeout_in_minutes": 4,
            "ip_address": "20.61.61.173",
            "ip_tags": null,
            "ip_version": "IPv4",
            "location": "westeurope",
            "name": "pip-appgateway",
            "public_ip_prefix_id": null,
            "resource_group_name": "rg-containerapps-internal-appgw",
            "reverse_fqdn": null,
            "sku": "Standard",
            "sku_tier": "Regional",
            "tags": null,
            "timeouts": null,
            "zones": null
          },
          "sensitive_attributes": [],
          "private": "eyJlMmJmYjczMC1lY2FhLTExZTYtOGY4OC0zNDM2M2JjN2M0YzAiOnsiY3JlYXRlIjoxODAwMDAwMDAwMDAwLCJkZWxldGUiOjE4MDAwMDAwMDAwMDAsInJlYWQiOjMwMDAwMDAwMDAwMCwidXBkYXRlIjoxODAwMDAwMDAwMDAwfX0=",
          "dependencies": [
            "azurerm_resource_group.rg"
          ]
        }
      ]
    },
    {
      "mode": "managed",
      "type": "azurerm_public_ip",
      "name": "pip-bastion",
      "provider": "provider[\"registry.terraform.io/hashicorp/azurerm\"]",
      "instances": [
        {
          "schema_version": 0,
          "attributes": {
            "allocation_method": "Static",
            "ddos_protection_mode": "VirtualNetworkInherited",
            "ddos_protection_plan_id": null,
            "domain_name_label": null,
            "edge_zone": "",
            "fqdn": null,
            "id": "/subscriptions/7b969dd4-ae3f-48a1-bc91-e7fdd8eb6645/resourceGroups/rg-containerapps-internal-appgw/providers/Microsoft.Network/publicIPAddresses/pip-bastion",
            "idle_timeout_in_minutes": 4,
            "ip_address": "51.137.94.72",
            "ip_tags": null,
            "ip_version": "IPv4",
            "location": "westeurope",
            "name": "pip-bastion",
            "public_ip_prefix_id": null,
            "resource_group_name": "rg-containerapps-internal-appgw",
            "reverse_fqdn": null,
            "sku": "Standard",
            "sku_tier": "Regional",
            "tags": null,
            "timeouts": null,
            "zones": null
          },
          "sensitive_attributes": [],
          "private": "eyJlMmJmYjczMC1lY2FhLTExZTYtOGY4OC0zNDM2M2JjN2M0YzAiOnsiY3JlYXRlIjoxODAwMDAwMDAwMDAwLCJkZWxldGUiOjE4MDAwMDAwMDAwMDAsInJlYWQiOjMwMDAwMDAwMDAwMCwidXBkYXRlIjoxODAwMDAwMDAwMDAwfX0=",
          "dependencies": [
            "azurerm_resource_group.rg"
          ]
        }
      ]
    },
    {
      "mode": "managed",
      "type": "azurerm_resource_group",
      "name": "rg",
      "provider": "provider[\"registry.terraform.io/hashicorp/azurerm\"]",
      "instances": [
        {
          "schema_version": 0,
          "attributes": {
            "id": "/subscriptions/7b969dd4-ae3f-48a1-bc91-e7fdd8eb6645/resourceGroups/rg-containerapps-internal-appgw",
            "location": "westeurope",
            "managed_by": "",
            "name": "rg-containerapps-internal-appgw",
            "tags": null,
            "timeouts": null
          },
          "sensitive_attributes": [],
          "private": "eyJlMmJmYjczMC1lY2FhLTExZTYtOGY4OC0zNDM2M2JjN2M0YzAiOnsiY3JlYXRlIjo1NDAwMDAwMDAwMDAwLCJkZWxldGUiOjU0MDAwMDAwMDAwMDAsInJlYWQiOjMwMDAwMDAwMDAwMCwidXBkYXRlIjo1NDAwMDAwMDAwMDAwfX0="
        }
      ]
    },
    {
      "mode": "managed",
      "type": "azurerm_role_assignment",
      "name": "identity-appgw-secret-user",
      "provider": "provider[\"registry.terraform.io/hashicorp/azurerm\"]",
      "instances": [
        {
          "schema_version": 0,
          "attributes": {
            "condition": "",
            "condition_version": "",
            "delegated_managed_identity_resource_id": "",
            "description": "",
            "id": "/subscriptions/7b969dd4-ae3f-48a1-bc91-e7fdd8eb6645/resourceGroups/rg-containerapps-internal-appgw/providers/Microsoft.KeyVault/vaults/kv-appgw-v4mt3/providers/Microsoft.Authorization/roleAssignments/dba0227b-ff69-cf34-b0e4-db59a90ea148",
            "name": "dba0227b-ff69-cf34-b0e4-db59a90ea148",
            "principal_id": "675747ea-3283-40a4-8b59-c90dc0e2d18f",
            "principal_type": "ServicePrincipal",
            "role_definition_id": "/subscriptions/7b969dd4-ae3f-48a1-bc91-e7fdd8eb6645/providers/Microsoft.Authorization/roleDefinitions/4633458b-17de-408a-b874-0445c86b69e6",
            "role_definition_name": "Key Vault Secrets User",
            "scope": "/subscriptions/7b969dd4-ae3f-48a1-bc91-e7fdd8eb6645/resourceGroups/rg-containerapps-internal-appgw/providers/Microsoft.KeyVault/vaults/kv-appgw-v4mt3",
            "skip_service_principal_aad_check": null,
            "timeouts": null
          },
          "sensitive_attributes": [],
          "private": "eyJlMmJmYjczMC1lY2FhLTExZTYtOGY4OC0zNDM2M2JjN2M0YzAiOnsiY3JlYXRlIjoxODAwMDAwMDAwMDAwLCJkZWxldGUiOjE4MDAwMDAwMDAwMDAsInJlYWQiOjMwMDAwMDAwMDAwMH19",
          "dependencies": [
            "azurerm_key_vault.keyvault",
            "azurerm_resource_group.rg",
            "azurerm_user_assigned_identity.identity-appgw",
            "data.azurerm_client_config.current",
            "random_string.random"
          ]
        }
      ]
    },
    {
      "mode": "managed",
      "type": "azurerm_role_assignment",
      "name": "role-certificates-officer",
      "provider": "provider[\"registry.terraform.io/hashicorp/azurerm\"]",
      "instances": [
        {
          "schema_version": 0,
          "attributes": {
            "condition": "",
            "condition_version": "",
            "delegated_managed_identity_resource_id": "",
            "description": "",
            "id": "/subscriptions/7b969dd4-ae3f-48a1-bc91-e7fdd8eb6645/resourceGroups/rg-containerapps-internal-appgw/providers/Microsoft.KeyVault/vaults/kv-appgw-v4mt3/providers/Microsoft.Authorization/roleAssignments/6dcbfb74-4880-dfc7-2d7b-b702631f5d71",
            "name": "6dcbfb74-4880-dfc7-2d7b-b702631f5d71",
            "principal_id": "5f06b250-cd3f-4c80-a91c-014bedec2b90",
            "principal_type": "ServicePrincipal",
            "role_definition_id": "/subscriptions/7b969dd4-ae3f-48a1-bc91-e7fdd8eb6645/providers/Microsoft.Authorization/roleDefinitions/a4417e6f-fecd-4de8-b567-7b0420556985",
            "role_definition_name": "Key Vault Certificates Officer",
            "scope": "/subscriptions/7b969dd4-ae3f-48a1-bc91-e7fdd8eb6645/resourceGroups/rg-containerapps-internal-appgw/providers/Microsoft.KeyVault/vaults/kv-appgw-v4mt3",
            "skip_service_principal_aad_check": null,
            "timeouts": null
          },
          "sensitive_attributes": [],
          "private": "eyJlMmJmYjczMC1lY2FhLTExZTYtOGY4OC0zNDM2M2JjN2M0YzAiOnsiY3JlYXRlIjoxODAwMDAwMDAwMDAwLCJkZWxldGUiOjE4MDAwMDAwMDAwMDAsInJlYWQiOjMwMDAwMDAwMDAwMH19",
          "dependencies": [
            "azurerm_key_vault.keyvault",
            "azurerm_resource_group.rg",
            "data.azurerm_client_config.current",
            "random_string.random"
          ]
        }
      ]
    },
    {
      "mode": "managed",
      "type": "azurerm_subnet",
      "name": "subnet-appgw",
      "provider": "provider[\"registry.terraform.io/hashicorp/azurerm\"]",
      "instances": [
        {
          "schema_version": 0,
          "attributes": {
            "address_prefixes": [
              "10.0.1.0/24"
            ],
            "default_outbound_access_enabled": true,
            "delegation": [],
            "enforce_private_link_endpoint_network_policies": false,
            "enforce_private_link_service_network_policies": false,
            "id": "/subscriptions/7b969dd4-ae3f-48a1-bc91-e7fdd8eb6645/resourceGroups/rg-containerapps-internal-appgw/providers/Microsoft.Network/virtualNetworks/vnet-internal/subnets/subnet-appgw",
            "name": "subnet-appgw",
            "private_endpoint_network_policies": "Enabled",
            "private_endpoint_network_policies_enabled": true,
            "private_link_service_network_policies_enabled": true,
            "resource_group_name": "rg-containerapps-internal-appgw",
            "service_endpoint_policy_ids": null,
            "service_endpoints": null,
            "timeouts": null,
            "virtual_network_name": "vnet-internal"
          },
          "sensitive_attributes": [],
          "private": "eyJlMmJmYjczMC1lY2FhLTExZTYtOGY4OC0zNDM2M2JjN2M0YzAiOnsiY3JlYXRlIjoxODAwMDAwMDAwMDAwLCJkZWxldGUiOjE4MDAwMDAwMDAwMDAsInJlYWQiOjMwMDAwMDAwMDAwMCwidXBkYXRlIjoxODAwMDAwMDAwMDAwfX0=",
          "dependencies": [
            "azurerm_resource_group.rg",
            "azurerm_virtual_network.vnet"
          ]
        }
      ]
    },
    {
      "mode": "managed",
      "type": "azurerm_subnet",
      "name": "subnet-bastion",
      "provider": "provider[\"registry.terraform.io/hashicorp/azurerm\"]",
      "instances": [
        {
          "schema_version": 0,
          "attributes": {
            "address_prefixes": [
              "10.0.3.0/24"
            ],
            "default_outbound_access_enabled": true,
            "delegation": [],
            "enforce_private_link_endpoint_network_policies": false,
            "enforce_private_link_service_network_policies": false,
            "id": "/subscriptions/7b969dd4-ae3f-48a1-bc91-e7fdd8eb6645/resourceGroups/rg-containerapps-internal-appgw/providers/Microsoft.Network/virtualNetworks/vnet-internal/subnets/AzureBastionSubnet",
            "name": "AzureBastionSubnet",
            "private_endpoint_network_policies": "Enabled",
            "private_endpoint_network_policies_enabled": true,
            "private_link_service_network_policies_enabled": true,
            "resource_group_name": "rg-containerapps-internal-appgw",
            "service_endpoint_policy_ids": null,
            "service_endpoints": null,
            "timeouts": null,
            "virtual_network_name": "vnet-internal"
          },
          "sensitive_attributes": [],
          "private": "eyJlMmJmYjczMC1lY2FhLTExZTYtOGY4OC0zNDM2M2JjN2M0YzAiOnsiY3JlYXRlIjoxODAwMDAwMDAwMDAwLCJkZWxldGUiOjE4MDAwMDAwMDAwMDAsInJlYWQiOjMwMDAwMDAwMDAwMCwidXBkYXRlIjoxODAwMDAwMDAwMDAwfX0=",
          "dependencies": [
            "azurerm_resource_group.rg",
            "azurerm_virtual_network.vnet"
          ]
        }
      ]
    },
    {
      "mode": "managed",
      "type": "azurerm_subnet",
      "name": "subnet-container-apps",
      "provider": "provider[\"registry.terraform.io/hashicorp/azurerm\"]",
      "instances": [
        {
          "schema_version": 0,
          "attributes": {
            "address_prefixes": [
              "10.0.0.0/27"
            ],
            "default_outbound_access_enabled": true,
            "delegation": [
              {
                "name": "delegation",
                "service_delegation": [
                  {
                    "actions": [
                      "Microsoft.Network/virtualNetworks/subnets/join/action"
                    ],
                    "name": "Microsoft.App/environments"
                  }
                ]
              }
            ],
            "enforce_private_link_endpoint_network_policies": false,
            "enforce_private_link_service_network_policies": false,
            "id": "/subscriptions/7b969dd4-ae3f-48a1-bc91-e7fdd8eb6645/resourceGroups/rg-containerapps-internal-appgw/providers/Microsoft.Network/virtualNetworks/vnet-internal/subnets/subnet-container-apps",
            "name": "subnet-container-apps",
            "private_endpoint_network_policies": "Enabled",
            "private_endpoint_network_policies_enabled": true,
            "private_link_service_network_policies_enabled": true,
            "resource_group_name": "rg-containerapps-internal-appgw",
            "service_endpoint_policy_ids": null,
            "service_endpoints": null,
            "timeouts": null,
            "virtual_network_name": "vnet-internal"
          },
          "sensitive_attributes": [],
          "private": "eyJlMmJmYjczMC1lY2FhLTExZTYtOGY4OC0zNDM2M2JjN2M0YzAiOnsiY3JlYXRlIjoxODAwMDAwMDAwMDAwLCJkZWxldGUiOjE4MDAwMDAwMDAwMDAsInJlYWQiOjMwMDAwMDAwMDAwMCwidXBkYXRlIjoxODAwMDAwMDAwMDAwfX0=",
          "dependencies": [
            "azurerm_resource_group.rg",
            "azurerm_virtual_network.vnet"
          ]
        }
      ]
    },
    {
      "mode": "managed",
      "type": "azurerm_subnet",
      "name": "subnet-jumpbox",
      "provider": "provider[\"registry.terraform.io/hashicorp/azurerm\"]",
      "instances": [
        {
          "schema_version": 0,
          "attributes": {
            "address_prefixes": [
              "10.0.2.0/24"
            ],
            "default_outbound_access_enabled": true,
            "delegation": [],
            "enforce_private_link_endpoint_network_policies": false,
            "enforce_private_link_service_network_policies": false,
            "id": "/subscriptions/7b969dd4-ae3f-48a1-bc91-e7fdd8eb6645/resourceGroups/rg-containerapps-internal-appgw/providers/Microsoft.Network/virtualNetworks/vnet-internal/subnets/subnet-jumpbox",
            "name": "subnet-jumpbox",
            "private_endpoint_network_policies": "Enabled",
            "private_endpoint_network_policies_enabled": true,
            "private_link_service_network_policies_enabled": true,
            "resource_group_name": "rg-containerapps-internal-appgw",
            "service_endpoint_policy_ids": null,
            "service_endpoints": null,
            "timeouts": null,
            "virtual_network_name": "vnet-internal"
          },
          "sensitive_attributes": [],
          "private": "eyJlMmJmYjczMC1lY2FhLTExZTYtOGY4OC0zNDM2M2JjN2M0YzAiOnsiY3JlYXRlIjoxODAwMDAwMDAwMDAwLCJkZWxldGUiOjE4MDAwMDAwMDAwMDAsInJlYWQiOjMwMDAwMDAwMDAwMCwidXBkYXRlIjoxODAwMDAwMDAwMDAwfX0=",
          "dependencies": [
            "azurerm_resource_group.rg",
            "azurerm_virtual_network.vnet"
          ]
        }
      ]
    },
    {
      "mode": "managed",
      "type": "azurerm_user_assigned_identity",
      "name": "identity-appgw",
      "provider": "provider[\"registry.terraform.io/hashicorp/azurerm\"]",
      "instances": [
        {
          "schema_version": 1,
          "attributes": {
            "client_id": "b60f3b6f-f4a8-45bf-95e6-38cf6d284ccf",
            "id": "/subscriptions/7b969dd4-ae3f-48a1-bc91-e7fdd8eb6645/resourceGroups/rg-containerapps-internal-appgw/providers/Microsoft.ManagedIdentity/userAssignedIdentities/identity-appgw",
            "location": "westeurope",
            "name": "identity-appgw",
            "principal_id": "675747ea-3283-40a4-8b59-c90dc0e2d18f",
            "resource_group_name": "rg-containerapps-internal-appgw",
            "tags": null,
            "tenant_id": "a1891ca7-f1da-45c2-bb98-cce773d6c506",
            "timeouts": null
          },
          "sensitive_attributes": [],
          "private": "eyJlMmJmYjczMC1lY2FhLTExZTYtOGY4OC0zNDM2M2JjN2M0YzAiOnsiY3JlYXRlIjoxODAwMDAwMDAwMDAwLCJkZWxldGUiOjE4MDAwMDAwMDAwMDAsInJlYWQiOjMwMDAwMDAwMDAwMCwidXBkYXRlIjoxODAwMDAwMDAwMDAwfSwic2NoZW1hX3ZlcnNpb24iOiIxIn0=",
          "dependencies": [
            "azurerm_resource_group.rg"
          ]
        }
      ]
    },
    {
      "mode": "managed",
      "type": "azurerm_virtual_network",
      "name": "vnet",
      "provider": "provider[\"registry.terraform.io/hashicorp/azurerm\"]",
      "instances": [
        {
          "schema_version": 0,
          "attributes": {
            "address_space": [
              "10.0.0.0/16"
            ],
            "bgp_community": "",
            "ddos_protection_plan": [],
            "dns_servers": [],
            "edge_zone": "",
            "encryption": [],
            "flow_timeout_in_minutes": 0,
            "guid": "fdca5a47-530d-4926-bd5f-4e623677ecb3",
            "id": "/subscriptions/7b969dd4-ae3f-48a1-bc91-e7fdd8eb6645/resourceGroups/rg-containerapps-internal-appgw/providers/Microsoft.Network/virtualNetworks/vnet-internal",
            "location": "westeurope",
            "name": "vnet-internal",
            "resource_group_name": "rg-containerapps-internal-appgw",
            "subnet": [],
            "tags": null,
            "timeouts": null
          },
          "sensitive_attributes": [],
          "private": "eyJlMmJmYjczMC1lY2FhLTExZTYtOGY4OC0zNDM2M2JjN2M0YzAiOnsiY3JlYXRlIjoxODAwMDAwMDAwMDAwLCJkZWxldGUiOjE4MDAwMDAwMDAwMDAsInJlYWQiOjMwMDAwMDAwMDAwMCwidXBkYXRlIjoxODAwMDAwMDAwMDAwfX0=",
          "dependencies": [
            "azurerm_resource_group.rg"
          ]
        }
      ]
    },
    {
      "mode": "managed",
      "type": "random_string",
      "name": "random",
      "provider": "provider[\"registry.terraform.io/hashicorp/random\"]",
      "instances": [
        {
          "schema_version": 2,
          "attributes": {
            "id": "v4mt3",
            "keepers": null,
            "length": 5,
            "lower": true,
            "min_lower": 0,
            "min_numeric": 0,
            "min_special": 0,
            "min_upper": 0,
            "number": true,
            "numeric": true,
            "override_special": null,
            "result": "v4mt3",
            "special": false,
            "upper": false
          },
          "sensitive_attributes": []
        }
      ]
    }
  ],
  "check_results": [
    {
      "object_kind": "var",
      "config_addr": "module.appservice_domain.var.custom_domain_name",
      "status": "pass",
      "objects": [
        {
          "object_addr": "module.appservice_domain.var.custom_domain_name",
          "status": "pass"
        }
      ]
    },
    {
      "object_kind": "var",
      "config_addr": "var.custom_domain_name",
      "status": "pass",
      "objects": [
        {
          "object_addr": "var.custom_domain_name",
          "status": "pass"
        }
      ]
    }
  ]
}
